Microsoft Visual Studio Solution File, Format Version 12.00
# Visual Studio Version 17
VisualStudioVersion = 17.0.31903.59
MinimumVisualStudioVersion = 10.0.40219.1
Project("{FAE04EC0-301F-11D3-BF4B-00C04F79EFBC}") = "TaskService.Api", "TaskService.Api\TaskService.Api.csproj", "{D4E5F6A7-B8C9-4D5E-9F0A-3B4C5D6E7F8A}"
EndProject
Project("{2150E333-8FDC-42A3-9474-1A3956D46DE8}") = "Clients", "Clients", "{67CA649C-BB6F-4AE1-B64E-C4DEA6108778}"
EndProject
Project("{FAE04EC0-301F-11D3-BF4B-00C04F79EFBC}") = "TaskService.Client", "TaskService.Client\TaskService.Client.csproj", "{DFF77F96-98A7-4D80-8A24-6DEE78E43FCA}"
EndProject
Project("{FAE04EC0-301F-11D3-BF4B-00C04F79EFBC}") = "TaskService.Logic", "TaskService.Logic\TaskService.Logic.csproj", "{EA82529A-ED29-4116-8D1C-BCC25DCAE44F}"
EndProject
Project("{FAE04EC0-301F-11D3-BF4B-00C04F79EFBC}") = "TaskService.Dal", "TaskService.Dal\TaskService.Dal.csproj", "{90E91B37-459F-4306-9C0E-31790E9CEA10}"
EndProject
Project("{FAE04EC0-301F-11D3-BF4B-00C04F79EFBC}") = "TaskService.Tests", "TaskService.Tests\TaskService.Tests.csproj", "{DDA17D9F-9BC8-4716-B256-1F70E44DC4CF}"
EndProject
Project("{2150E333-8FDC-42A3-9474-1A3956D46DE8}") = "Tests", "Tests", "{8D8B521B-0D6F-488D-840E-9EEEB9A76D3A}"
EndProject
Global
	GlobalSection(SolutionConfigurationPlatforms) = preSolution
		Debug|Any CPU = Debug|Any CPU
		Release|Any CPU = Release|Any CPU
	EndGlobalSection
	GlobalSection(ProjectConfigurationPlatforms) = postSolution
		{D4E5F6A7-B8C9-4D5E-9F0A-3B4C5D6E7F8A}.Debug|Any CPU.ActiveCfg = Debug|Any CPU
		{D4E5F6A7-B8C9-4D5E-9F0A-3B4C5D6E7F8A}.Debug|Any CPU.Build.0 = Debug|Any CPU
		{D4E5F6A7-B8C9-4D5E-9F0A-3B4C5D6E7F8A}.Release|Any CPU.ActiveCfg = Release|Any CPU
		{D4E5F6A7-B8C9-4D5E-9F0A-3B4C5D6E7F8A}.Release|Any CPU.Build.0 = Release|Any CPU
		{DFF77F96-98A7-4D80-8A24-6DEE78E43FCA}.Debug|Any CPU.ActiveCfg = Debug|Any CPU
		{DFF77F96-98A7-4D80-8A24-6DEE78E43FCA}.Debug|Any CPU.Build.0 = Debug|Any CPU
		{DFF77F96-98A7-4D80-8A24-6DEE78E43FCA}.Release|Any CPU.ActiveCfg = Release|Any CPU
		{DFF77F96-98A7-4D80-8A24-6DEE78E43FCA}.Release|Any CPU.Build.0 = Release|Any CPU
		{EA82529A-ED29-4116-8D1C-BCC25DCAE44F}.Debug|Any CPU.ActiveCfg = Debug|Any CPU
		{EA82529A-ED29-4116-8D1C-BCC25DCAE44F}.Debug|Any CPU.Build.0 = Debug|Any CPU
		{EA82529A-ED29-4116-8D1C-BCC25DCAE44F}.Release|Any CPU.ActiveCfg = Release|Any CPU
		{EA82529A-ED29-4116-8D1C-BCC25DCAE44F}.Release|Any CPU.Build.0 = Release|Any CPU
		{90E91B37-459F-4306-9C0E-31790E9CEA10}.Debug|Any CPU.ActiveCfg = Debug|Any CPU
		{90E91B37-459F-4306-9C0E-31790E9CEA10}.Debug|Any CPU.Build.0 = Debug|Any CPU
		{90E91B37-459F-4306-9C0E-31790E9CEA10}.Release|Any CPU.ActiveCfg = Release|Any CPU
		{90E91B37-459F-4306-9C0E-31790E9CEA10}.Release|Any CPU.Build.0 = Release|Any CPU
		{DDA17D9F-9BC8-4716-B256-1F70E44DC4CF}.Debug|Any CPU.ActiveCfg = Debug|Any CPU
		{DDA17D9F-9BC8-4716-B256-1F70E44DC4CF}.Debug|Any CPU.Build.0 = Debug|Any CPU
		{DDA17D9F-9BC8-4716-B256-1F70E44DC4CF}.Release|Any CPU.ActiveCfg = Release|Any CPU
		{DDA17D9F-9BC8-4716-B256-1F70E44DC4CF}.Release|Any CPU.Build.0 = Release|Any CPU
	EndGlobalSection
	GlobalSection(SolutionProperties) = preSolution
		HideSolutionNode = FALSE
	EndGlobalSection
	GlobalSection(NestedProjects) = preSolution
		{DFF77F96-98A7-4D80-8A24-6DEE78E43FCA} = {67CA649C-BB6F-4AE1-B64E-C4DEA6108778}
		{DDA17D9F-9BC8-4716-B256-1F70E44DC4CF} = {8D8B521B-0D6F-488D-840E-9EEEB9A76D3A}
	EndGlobalSection
EndGlobal
